// !$*UTF8*$!
{
	archiveVersion = 1;
	classes = {
	};
	objectVersion = 46;
	objects = {

/* Begin PBXBuildFile section */
		C6AC031B1CEB215C0052D475 /* AppDelegate.swift in Sources */ = {isa = PBXBuildFile; fileRef = C6AC031A1CEB215C0052D475 /* AppDelegate.swift */; };
		C6AC031D1CEB215C0052D475 /* AKHappySwitchVC.swift in Sources */ = {isa = PBXBuildFile; fileRef = C6AC031C1CEB215C0052D475 /* AKHappySwitchVC.swift */; };
		C6AC03201CEB215C0052D475 /* Main.storyboard in Resources */ = {isa = PBXBuildFile; fileRef = C6AC031E1CEB215C0052D475 /* Main.storyboard */; };
		C6AC03221CEB215C0052D475 /* Assets.xcassets in Resources */ = {isa = PBXBuildFile; fileRef = C6AC03211CEB215C0052D475 /* Assets.xcassets */; };
		C6AC03251CEB215C0052D475 /* LaunchScreen.storyboard in Resources */ = {isa = PBXBuildFile; fileRef = C6AC03231CEB215C0052D475 /* LaunchScreen.storyboard */; };
		C6AC032E1CEB26950052D475 /* AKHappySwitchSceenshot.gif in Resources */ = {isa = PBXBuildFile; fileRef = C6AC032D1CEB26950052D475 /* AKHappySwitchSceenshot.gif */; };
/* End PBXBuildFile section */

/* Begin PBXFileReference section */
		C6AC03171CEB215B0052D475 /* AKHappySwitch.app */ = {isa = PBXFileReference; explicitFileType = wrapper.application; includeInIndex = 0; path = AKHappySwitch.app; sourceTree = BUILT_PRODUCTS_DIR; };
		C6AC031A1CEB215C0052D475 /* AppDelegate.swift */ = {isa = PBXFileReference; lastKnownFileType = sourcecode.swift; path = AppDelegate.swift; sourceTree = "<group>"; };
		C6AC031C1CEB215C0052D475 /* AKHappySwitchVC.swift */ = {isa = PBXFileReference; lastKnownFileType = sourcecode.swift; path = AKHappySwitchVC.swift; sourceTree = "<group>"; };
		C6AC031F1CEB215C0052D475 /* Base */ = {isa = PBXFileReference; lastKnownFileType = file.storyboard; name = Base; path = Base.lproj/Main.storyboard; sourceTree = "<group>"; };
		C6AC03211CEB215C0052D475 /* Assets.xcassets */ = {isa = PBXFileReference; lastKnownFileType = folder.assetcatalog; path = Assets.xcassets; sourceTree = "<group>"; };
		C6AC03241CEB215C0052D475 /* Base */ = {isa = PBXFileReference; lastKnownFileType = file.storyboard; name = Base; path = Base.lproj/LaunchScreen.storyboard; sourceTree = "<group>"; };
		C6AC03261CEB215C0052D475 /* Info.plist */ = {isa = PBXFileReference; lastKnownFileType = text.plist.xml; path = Info.plist; sourceTree = "<group>"; };
		C6AC032D1CEB26950052D475 /* AKHappySwitchSceenshot.gif */ = {isa = PBXFileReference; lastKnownFileType = image.gif; path = AKHappySwitchSceenshot.gif; sourceTree = "<group>"; };
/* End PBXFileReference section */

/* Begin PBXFrameworksBuildPhase section */
		C6AC03141CEB215B0052D475 /* Frameworks */ = {
			isa = PBXFrameworksBuildPhase;
			buildActionMask = 2147483647;
			files = (
			);
			runOnlyForDeploymentPostprocessing = 0;
		};
/* End PBXFrameworksBuildPhase section */

/* Begin PBXGroup section */
		C6AC030E1CEB215B0052D475 = {
			isa = PBXGroup;
			children = (
				C6AC03191CEB215C0052D475 /* AKHappySwitch */,
				C6AC03181CEB215B0052D475 /* Products */,
			);
			sourceTree = "<group>";
		};
		C6AC03181CEB215B0052D475 /* Products */ = {
			isa = PBXGroup;
			children = (
				C6AC03171CEB215B0052D475 /* AKHappySwitch.app */,
			);
			name = Products;
			sourceTree = "<group>";
		};
		C6AC03191CEB215C0052D475 /* AKHappySwitch */ = {
			isa = PBXGroup;
			children = (
				C6AC031A1CEB215C0052D475 /* AppDelegate.swift */,
				C6AC031C1CEB215C0052D475 /* AKHappySwitchVC.swift */,
				C6AC031E1CEB215C0052D475 /* Main.storyboard */,
				C6AC03211CEB215C0052D475 /* Assets.xcassets */,
				C6AC03231CEB215C0052D475 /* LaunchScreen.storyboard */,
				C6AC03261CEB215C0052D475 /* Info.plist */,
				C6AC032C1CEB267D0052D475 /* Resources */,
			);
			path = AKHappySwitch;
			sourceTree = "<group>";
		};
		C6AC032C1CEB267D0052D475 /* Resources */ = {
			isa = PBXGroup;
			children = (
				C6AC032D1CEB26950052D475 /* AKHappySwitchSceenshot.gif */,
			);
			path = Resources;
			sourceTree = "<group>";
		};
/* End PBXGroup section */

/* Begin PBXNativeTarget section */
		C6AC03161CEB215B0052D475 /* AKHappySwitch */ = {
			isa = PBXNativeTarget;
			buildConfigurationList = C6AC03291CEB215C0052D475 /* Build configuration list for PBXNativeTarget "AKHappySwitch" */;
			buildPhases = (
				C6AC03131CEB215B0052D475 /* Sources */,
				C6AC03141CEB215B0052D475 /* Frameworks */,
				C6AC03151CEB215B0052D475 /* Resources */,
			);
			buildRules = (
			);
			dependencies = (
			);
			name = AKHappySwitch;
			productName = AKHappySwitch;
			productReference = C6AC03171CEB215B0052D475 /* AKHappySwitch.app */;
			productType = "com.apple.product-type.application";
		};
/* End PBXNativeTarget section */

/* Begin PBXProject section */
		C6AC030F1CEB215B0052D475 /* Project object */ = {
			isa = PBXProject;
			attributes = {
				LastSwiftUpdateCheck = 0730;
				LastUpgradeCheck = 0730;
				ORGANIZATIONNAME = Kode;
				TargetAttributes = {
					C6AC03161CEB215B0052D475 = {
						CreatedOnToolsVersion = 7.3;
					};
				};
			};
			buildConfigurationList = C6AC03121CEB215B0052D475 /* Build configuration list for PBXProject "AKHappySwitch" */;
			compatibilityVersion = "Xcode 3.2";
			developmentRegion = English;
			hasScannedForEncodings = 0;
			knownRegions = (
				en,
				Base,
			);
			mainGroup = C6AC030E1CEB215B0052D475;
			productRefGroup = C6AC03181CEB215B0052D475 /* Products */;
			projectDirPath = "";
			projectRoot = "";
			targets = (
				C6AC03161CEB215B0052D475 /* AKHappySwitch */,
			);
		};
/* End PBXProject section */

/* Begin PBXResourcesBuildPhase section */
		C6AC03151CEB215B0052D475 /* Resources */ = {
			isa = PBXResourcesBuildPhase;
			buildActionMask = 2147483647;
			files = (
				C6AC03251CEB215C0052D475 /* LaunchScreen.storyboard in Resources */,
				C6AC032E1CEB26950052D475 /* AKHappySwitchSceenshot.gif in Resources */,
				C6AC03221CEB215C0052D475 /* Assets.xcassets in Resources */,
				C6AC03201CEB215C0052D475 /* Main.storyboard in Resources */,
			);
			runOnlyForDeploymentPostprocessing = 0;
		};
/* End PBXResourcesBuildPhase section */

/* Begin PBXSourcesBuildPhase section */
		C6AC03131CEB215B0052D475 /* Sources */ = {
			isa = PBXSourcesBuildPhase;
			buildActionMask = 2147483647;
			files = (
				C6AC031D1CEB215C0052D475 /* AKHappySwitchVC.swift in Sources */,
				C6AC031B1CEB215C0052D475 /* AppDelegate.swift in Sources */,
			);
			runOnlyForDeploymentPostprocessing = 0;
		};
/* End PBXSourcesBuildPhase section */

/* Begin PBXVariantGroup section */
		C6AC031E1CEB215C0052D475 /* Main.storyboard */ = {
			isa = PBXVariantGroup;
			children = (
				C6AC031F1CEB215C0052D475 /* Base */,
			);
			name = Main.storyboard;
			sourceTree = "<group>";
		};
		C6AC03231CEB215C0052D475 /* LaunchScreen.storyboard */ = {
			isa = PBXVariantGroup;
			children = (
				C6AC03241CEB215C0052D475 /* Base */,
			);
			name = LaunchScreen.storyboard;
			sourceTree = "<group>";
		};
/* End PBXVariantGroup section */

/* Begin XCBuildConfiguration section */
		C6AC03271CEB215C0052D475 /* Debug */ = {
			isa = XCBuildConfiguration;
			buildSettings = {
				ALWAYS_SEARCH_USER_PATHS = NO;
				CLANG_ANALYZER_NONNULL = YES;
				CLANG_CXX_LANGUAGE_STANDARD = "gnu++0x";
				CLANG_CXX_LIBRARY = "libc++";
				CLANG_ENABLE_MODULES = YES;
				CLANG_ENABLE_OBJC_ARC = YES;
				CLANG_WARN_BOOL_CONVERSION = YES;
				CLANG_WARN_CONSTANT_CONVERSION = YES;
				CLANG_WARN_DIRECT_OBJC_ISA_USAGE = YES_ERROR;
				CLANG_WARN_EMPTY_BODY = YES;
				CLANG_WARN_ENUM_CONVERSION = YES;
				CLANG_WARN_INT_CONVERSION = YES;
				CLANG_WARN_OBJC_ROOT_CLASS = YES_ERROR;
				CLANG_WARN_UNREACHABLE_CODE = YES;
				CLANG_WARN__DUPLICATE_METHOD_MATCH = YES;
				"CODE_SIGN_IDENTITY[sdk=iphoneos*]" = "iPhone Developer";
				COPY_PHASE_STRIP = NO;
				DEBUG_INFORMATION_FORMAT = dwarf;
				ENABLE_STRICT_OBJC_MSGSEND = YES;
				ENABLE_TESTABILITY = YES;
				GCC_C_LANGUAGE_STANDARD = gnu99;
				GCC_DYNAMIC_NO_PIC = NO;
				GCC_NO_COMMON_BLOCKS = YES;
				GCC_OPTIMIZATION_LEVEL = 0;
				GCC_PREPROCESSOR_DEFINITIONS = (
					"DEBUG=1",
					"$(inherited)",
				);
				GCC_WARN_64_TO_32_BIT_CONVERSION = YES;
				GCC_WARN_ABOUT_RETURN_TYPE = YES_ERROR;
				GCC_WARN_UNDECLARED_SELECTOR = YES;
				GCC_WARN_UNINITIALIZED_AUTOS = YES_AGGRESSIVE;
				GCC_WARN_UNUSED_FUNCTION = YES;
				GCC_WARN_UNUSED_VARIABLE = YES;
				IPHONEOS_DEPLOYMENT_TARGET = 9.3;
				MTL_ENABLE_DEBUG_INFO = YES;
				ONLY_ACTIVE_ARCH = YES;
				SDKROOT = iphoneos;
				SWIFT_OPTIMIZATION_LEVEL = "-Onone";
				TARGETED_DEVICE_FAMILY = "1,2";
			};
			name = Debug;
		};
		C6AC03281CEB215C0052D475 /* Release */ = {
			isa = XCBuildConfiguration;
			buildSettings = {
				ALWAYS_SEARCH_USER_PATHS = NO;
				CLANG_ANALYZER_NONNULL = YES;
				CLANG_CXX_LANGUAGE_STANDARD = "gnu++0x";
				CLANG_CXX_LIBRARY = "libc++";
				CLANG_ENABLE_MODULES = YES;
				CLANG_ENABLE_OBJC_ARC = YES;
				CLANG_WARN_BOOL_CONVERSION = YES;
				CLANG_WARN_CONSTANT_CONVERSION = YES;
				CLANG_WARN_DIRECT_OBJC_ISA_USAGE = YES_ERROR;
				CLANG_WARN_EMPTY_BODY = YES;
				CLANG_WARN_ENUM_CONVERSION = YES;
				CLANG_WARN_INT_CONVERSION = YES;
				CLANG_WARN_OBJC_ROOT_CLASS = YES_ERROR;
				CLANG_WARN_UNREACHABLE_CODE = YES;
				CLANG_WARN__DUPLICATE_METHOD_MATCH = YES;
				"CODE_SIGN_IDENTITY[sdk=iphoneos*]" = "iPhone Developer";
				COPY_PHASE_STRIP = NO;
				DEBUG_INFORMATION_FORMAT = "dwarf-with-dsym";
				ENABLE_NS_ASSERTIONS = NO;
				ENABLE_STRICT_OBJC_MSGSEND = YES;
				GCC_C_LANGUAGE_STANDARD = gnu99;
				GCC_NO_COMMON_BLOCKS = YES;
				GCC_WARN_64_TO_32_BIT_CONVERSION = YES;
				GCC_WARN_ABOUT_RETURN_TYPE = YES_ERROR;
				GCC_WARN_UNDECLARED_SELECTOR = YES;
				GCC_WARN_UNINITIALIZED_AUTOS = YES_AGGRESSIVE;
				GCC_WARN_UNUSED_FUNCTION = YES;
				GCC_WARN_UNUSED_VARIABLE = YES;
				IPHONEOS_DEPLOYMENT_TARGET = 9.3;
				MTL_ENABLE_DEBUG_INFO = NO;
				SDKROOT = iphoneos;
				TARGETED_DEVICE_FAMILY = "1,2";
				VALIDATE_PRODUCT = YES;
			};
			name = Release;
		};
		C6AC032A1CEB215C0052D475 /* Debug */ = {
			isa = XCBuildConfiguration;
			buildSettings = {
				ASSETCATALOG_COMPILER_APPICON_NAME = AppIcon;
				INFOPLIST_FILE = AKHappySwitch/Info.plist;
				LD_RUNPATH_SEARCH_PATHS = "$(inherited) @executable_path/Frameworks";
				PRODUCT_BUNDLE_IDENTIFIER = com.kode.AKHappySwitch;
				PRODUCT_NAME = "$(TARGET_NAME)";
			};
			name = Debug;
		};
		C6AC032B1CEB215C0052D475 /* Release */ = {
			isa = XCBuildConfiguration;
			buildSettings = {
				ASSETCATALOG_COMPILER_APPICON_NAME = AppIcon;
				INFOPLIST_FILE = AKHappySwitch/Info.plist;
				LD_RUNPATH_SEARCH_PATHS = "$(inherited) @executable_path/Frameworks";
				PRODUCT_BUNDLE_IDENTIFIER = com.kode.AKHappySwitch;
				PRODUCT_NAME = "$(TARGET_NAME)";
			};
			name = Release;
		};
/* End XCBuildConfiguration section */

/* Begin XCConfigurationList section */
		C6AC03121CEB215B0052D475 /* Build configuration list for PBXProject "AKHappySwitch" */ = {
			isa = XCConfigurationList;
			buildConfigurations = (
				C6AC03271CEB215C0052D475 /* Debug */,
				C6AC03281CEB215C0052D475 /* Release */,
			);
			defaultConfigurationIsVisible = 0;
			defaultConfigurationName = Release;
		};
		C6AC03291CEB215C0052D475 /* Build configuration list for PBXNativeTarget "AKHappySwitch" */ = {
			isa = XCConfigurationList;
			buildConfigurations = (
				C6AC032A1CEB215C0052D475 /* Debug */,
				C6AC032B1CEB215C0052D475 /* Release */,
			);
			defaultConfigurationIsVisible = 0;
			defaultConfigurationName = Release;
		};
/* End XCConfigurationList section */
	};
	rootObject = C6AC030F1CEB215B0052D475 /* Project object */;
}
